
Microsoft Visual Studio Solution File, Format Version 12.00
# Visual Studio Version 16
VisualStudioVersion = 16.0.29728.190
MinimumVisualStudioVersion = 10.0.40219.1
Project("{FAE04EC0-301F-11D3-BF4B-00C04F79EFBC}") = "Oakleigh's Diff", "Oakleigh's Diff.csproj", "{133A470F-42EA-4D7B-8DBC-DAC3F834675C}"
EndProject
Global
	GlobalSection(SolutionConfigurationPlatforms) = preSolution
		Debug|Any CPU = Debug|Any CPU
		Release|Any CPU = Release|Any CPU
	EndGlobalSection
	GlobalSection(ProjectConfigurationPlatforms) = postSolution
		{133A470F-42EA-4D7B-8DBC-DAC3F834675C}.Debug|Any CPU.ActiveCfg = Debug|Any CPU
		{133A470F-42EA-4D7B-8DBC-DAC3F834675C}.Debug|Any CPU.Build.0 = Debug|Any CPU
		{133A470F-42EA-4D7B-8DBC-DAC3F834675C}.Release|Any CPU.ActiveCfg = Release|Any CPU
		{133A470F-42EA-4D7B-8DBC-DAC3F834675C}.Release|Any CPU.Build.0 = Release|Any CPU
	EndGlobalSection
	GlobalSection(SolutionProperties) = preSolution
		HideSolutionNode = FALSE
	EndGlobalSection
	GlobalSection(ExtensibilityGlobals) = postSolution
		SolutionGuid = {DA4A6EEC-80F6-4E5F-81D5-75C8448265E9}
	EndGlobalSection
EndGlobal
